{
  "lockfile_version": "1",
  "packages": {
    "cargo@latest": {
      "last_modified": "2025-02-23T09:42:26Z",
      "resolved": "github:NixOS/nixpkgs/2d068ae5c6516b2d04562de50a58c682540de9bf#cargo",
      "source": "devbox-search",
      "version": "1.84.1",
      "systems": {
        "aarch64-darwin": {
          "outputs": [
            {
              "name": "out",
              "path": "/nix/store/0yqscqxyw0772804k8hwd0vqk8idk3pn-cargo-1.84.1",
              "default": true
            }
          ],
          "store_path": "/nix/store/0yqscqxyw0772804k8hwd0vqk8idk3pn-cargo-1.84.1"
        },
        "aarch64-linux": {
          "outputs": [
            {
              "name": "out",
              "path": "/nix/store/r8h38cilpi1sk02n3939myjz1k9id41g-cargo-1.84.1",
              "default": true
            }
          ],
          "store_path": "/nix/store/r8h38cilpi1sk02n3939myjz1k9id41g-cargo-1.84.1"
        },
        "x86_64-darwin": {
          "outputs": [
            {
              "name": "out",
              "path": "/nix/store/hxn46kb8bnbhdkwk232cj0j888w06dzn-cargo-1.84.1",
              "default": true
            }
          ],
          "store_path": "/nix/store/hxn46kb8bnbhdkwk232cj0j888w06dzn-cargo-1.84.1"
        },
        "x86_64-linux": {
          "outputs": [
            {
              "name": "out",
              "path": "/nix/store/ac8da0sqpg4pyhzyr0qgl26d5dnpn7qp-cargo-1.84.1",
              "default": true
            }
          ],
          "store_path": "/nix/store/ac8da0sqpg4pyhzyr0qgl26d5dnpn7qp-cargo-1.84.1"
        }
      }
    },
    "commitizen@latest": {
      "last_modified": "2025-02-26T05:29:08Z",
      "resolved": "github:NixOS/nixpkgs/3a05eebede89661660945da1f151959900903b6a#commitizen",
      "source": "devbox-search",
      "version": "4.2.2",
      "systems": {
        "aarch64-darwin": {
          "outputs": [
            {
              "name": "out",
              "path": "/nix/store/4xknp7mwnb3zii7g6zbmpx41mcqxvzap-python3.12-commitizen-4.2.2",
              "default": true
            },
            {
              "name": "dist",
              "path": "/nix/store/n00p31r3zzaxcrxzd40sgz50jp926iwm-python3.12-commitizen-4.2.2-dist"
            }
          ],
          "store_path": "/nix/store/4xknp7mwnb3zii7g6zbmpx41mcqxvzap-python3.12-commitizen-4.2.2"
        },
        "aarch64-linux": {
          "outputs": [
            {
              "name": "out",
              "path": "/nix/store/1dw4h14qj43pxnclb9a5clx415nr74m9-python3.12-commitizen-4.2.2",
              "default": true
            },
            {
              "name": "dist",
              "path": "/nix/store/v0khfx4qnf7ygr8gwrpf2nh2zbk5wiph-python3.12-commitizen-4.2.2-dist"
            }
          ],
          "store_path": "/nix/store/1dw4h14qj43pxnclb9a5clx415nr74m9-python3.12-commitizen-4.2.2"
        },
        "x86_64-darwin": {
          "outputs": [
            {
              "name": "out",
              "path": "/nix/store/giz5jx61ngnvkifd97rhfk07ryd398hm-python3.12-commitizen-4.2.2",
              "default": true
            },
            {
              "name": "dist",
              "path": "/nix/store/dq1azj8kgpqlas8q5zsh6ca0a5wlhlf4-python3.12-commitizen-4.2.2-dist"
            }
          ],
          "store_path": "/nix/store/giz5jx61ngnvkifd97rhfk07ryd398hm-python3.12-commitizen-4.2.2"
        },
        "x86_64-linux": {
          "outputs": [
            {
              "name": "out",
              "path": "/nix/store/126ih5ri7x53gw9jyqml0fiaxa45pyjp-python3.12-commitizen-4.2.2",
              "default": true
            },
            {
              "name": "dist",
              "path": "/nix/store/zgri4qs8bj2lw6l1r03hy9mgmw4fcgp8-python3.12-commitizen-4.2.2-dist"
            }
          ],
          "store_path": "/nix/store/126ih5ri7x53gw9jyqml0fiaxa45pyjp-python3.12-commitizen-4.2.2"
        }
      }
    },
    "commitlint@latest": {
      "last_modified": "2025-02-23T09:42:26Z",
      "resolved": "github:NixOS/nixpkgs/2d068ae5c6516b2d04562de50a58c682540de9bf#commitlint",
      "source": "devbox-search",
      "version": "19.7.1",
      "systems": {
        "aarch64-darwin": {
          "outputs": [
            {
              "name": "out",
              "path": "/nix/store/bqay5xsviilb39zvh067j1wm69fssn1h-_at_commitlint_slash_cli-19.7.1",
              "default": true
            }
          ],
          "store_path": "/nix/store/bqay5xsviilb39zvh067j1wm69fssn1h-_at_commitlint_slash_cli-19.7.1"
        },
        "aarch64-linux": {
          "outputs": [
            {
              "name": "out",
              "path": "/nix/store/fsxnyrhfr6w5gkfc66rpxvgx2jn9incv-_at_commitlint_slash_cli-19.7.1",
              "default": true
            }
          ],
          "store_path": "/nix/store/fsxnyrhfr6w5gkfc66rpxvgx2jn9incv-_at_commitlint_slash_cli-19.7.1"
        },
        "x86_64-darwin": {
          "outputs": [
            {
              "name": "out",
              "path": "/nix/store/d2jmrasfxxzhm38wnp2fi0vmdvlpb4gi-_at_commitlint_slash_cli-19.7.1",
              "default": true
            }
          ],
          "store_path": "/nix/store/d2jmrasfxxzhm38wnp2fi0vmdvlpb4gi-_at_commitlint_slash_cli-19.7.1"
        },
        "x86_64-linux": {
          "outputs": [
            {
              "name": "out",
              "path": "/nix/store/z4da67xgfpf2vr3nik3hi4xljyscxnp8-_at_commitlint_slash_cli-19.7.1",
              "default": true
            }
          ],
          "store_path": "/nix/store/z4da67xgfpf2vr3nik3hi4xljyscxnp8-_at_commitlint_slash_cli-19.7.1"
        }
      }
    },
    "go@latest": {
      "last_modified": "2025-02-12T00:10:52Z",
      "resolved": "github:NixOS/nixpkgs/83a2581c81ff5b06f7c1a4e7cc736a455dfcf7b4#go_1_24",
      "source": "devbox-search",
      "version": "1.24.0",
      "systems": {
        "aarch64-darwin": {
          "outputs": [
            {
              "name": "out",
              "path": "/nix/store/qldcnifalkvyah0wnv7m4zb854yd9l88-go-1.24.0",
              "default": true
            }
          ],
          "store_path": "/nix/store/qldcnifalkvyah0wnv7m4zb854yd9l88-go-1.24.0"
        },
        "aarch64-linux": {
          "outputs": [
            {
              "name": "out",
              "path": "/nix/store/rrxgml7w4pfmibjbspkdvrw8vd2vnarb-go-1.24.0",
              "default": true
            }
          ],
          "store_path": "/nix/store/rrxgml7w4pfmibjbspkdvrw8vd2vnarb-go-1.24.0"
        },
        "x86_64-darwin": {
          "outputs": [
            {
              "name": "out",
              "path": "/nix/store/7imv22pl4qrjwvi6jzlfb305rc2min45-go-1.24.0",
              "default": true
            }
          ],
          "store_path": "/nix/store/7imv22pl4qrjwvi6jzlfb305rc2min45-go-1.24.0"
        },
        "x86_64-linux": {
          "outputs": [
            {
              "name": "out",
              "path": "/nix/store/vh5d5bj1sljdhdypy80x1ydx2jx6rv2q-go-1.24.0",
              "default": true
            }
          ],
          "store_path": "/nix/store/vh5d5bj1sljdhdypy80x1ydx2jx6rv2q-go-1.24.0"
        }
      }
    },
    "goreleaser@latest": {
      "last_modified": "2025-02-23T09:42:26Z",
      "resolved": "github:NixOS/nixpkgs/2d068ae5c6516b2d04562de50a58c682540de9bf#goreleaser",
      "source": "devbox-search",
      "version": "2.7.0",
      "systems": {
        "aarch64-darwin": {
          "outputs": [
            {
              "name": "out",
              "path": "/nix/store/rgp8lyvjd2jc0n1hf8xwlcih2nh58p55-goreleaser-2.7.0",
              "default": true
            }
          ],
          "store_path": "/nix/store/rgp8lyvjd2jc0n1hf8xwlcih2nh58p55-goreleaser-2.7.0"
        },
        "aarch64-linux": {
          "outputs": [
            {
              "name": "out",
              "path": "/nix/store/8qlyfy6cp0s42h7p9qm736ygvkklfy2q-goreleaser-2.7.0",
              "default": true
            }
          ],
          "store_path": "/nix/store/8qlyfy6cp0s42h7p9qm736ygvkklfy2q-goreleaser-2.7.0"
        },
        "x86_64-darwin": {
          "outputs": [
            {
              "name": "out",
              "path": "/nix/store/hpb3rvn4y1sblrcnb636hyr7vksc64a5-goreleaser-2.7.0",
              "default": true
            }
          ],
          "store_path": "/nix/store/hpb3rvn4y1sblrcnb636hyr7vksc64a5-goreleaser-2.7.0"
        },
        "x86_64-linux": {
          "outputs": [
            {
              "name": "out",
              "path": "/nix/store/16dslcqzgwsalmhxz941v2xlvx92nhc5-goreleaser-2.7.0",
              "default": true
            }
          ],
          "store_path": "/nix/store/16dslcqzgwsalmhxz941v2xlvx92nhc5-goreleaser-2.7.0"
        }
      }
    },
    "libiconv@latest": {
      "last_modified": "2025-02-23T09:42:26Z",
      "resolved": "github:NixOS/nixpkgs/2d068ae5c6516b2d04562de50a58c682540de9bf#libiconv",
      "source": "devbox-search",
      "version": "109",
      "systems": {
        "aarch64-darwin": {
          "outputs": [
            {
              "name": "out",
              "path": "/nix/store/i0b08c8m02rs2sazmd7sr2zxbnz6ylsf-libiconv-109",
              "default": true
            },
            {
              "name": "dev",
              "path": "/nix/store/f4z2y0zn2bmrwywp67y3h21cmb6ky547-libiconv-109-dev"
            }
          ],
          "store_path": "/nix/store/i0b08c8m02rs2sazmd7sr2zxbnz6ylsf-libiconv-109"
        },
        "x86_64-darwin": {
          "outputs": [
            {
              "name": "out",
              "path": "/nix/store/j2wn93axgpip7m3nb5ccbqz7b48h9vkm-libiconv-109",
              "default": true
            },
            {
              "name": "dev",
              "path": "/nix/store/xchqc43a13p1vrdxi4sklsfm0ybm26mk-libiconv-109-dev"
            }
          ],
          "store_path": "/nix/store/j2wn93axgpip7m3nb5ccbqz7b48h9vkm-libiconv-109"
        }
      }
    },
    "openssl@latest": {
      "last_modified": "2025-03-01T01:09:10Z",
      "resolved": "github:NixOS/nixpkgs/199169a2135e6b864a888e89a2ace345703c025d#openssl",
      "source": "devbox-search",
      "version": "3.4.1",
      "systems": {
        "aarch64-darwin": {
          "outputs": [
            {
              "name": "bin",
              "path": "/nix/store/yz54b1dkdyw33f62khb6117389hkszv6-openssl-3.4.1-bin",
              "default": true
            },
            {
              "name": "man",
              "path": "/nix/store/9k7dbq28mbk3w0pzc37gjyv1ji2j4ii2-openssl-3.4.1-man",
              "default": true
            },
            {
              "name": "out",
              "path": "/nix/store/0v2hhy3f53hsai7spdsqrrnvjwlm2pya-openssl-3.4.1"
            },
            {
              "name": "dev",
              "path": "/nix/store/1gwmxz7nmgassnbj75yv3lbcrmzq3x23-openssl-3.4.1-dev"
            },
            {
              "name": "doc",
              "path": "/nix/store/5m12akajsazdm1y6srpxmhqs1vvv6wq6-openssl-3.4.1-doc"
            }
          ],
          "store_path": "/nix/store/yz54b1dkdyw33f62khb6117389hkszv6-openssl-3.4.1-bin"
        },
        "aarch64-linux": {
          "outputs": [
            {
              "name": "bin",
              "path": "/nix/store/m5szkm0siac4iqiin31p2588i05cm5kk-openssl-3.4.1-bin",
              "default": true
            },
            {
              "name": "man",
              "path": "/nix/store/k5xzfrb7bbx7mjd9c2zmyc2ssbx9pbsp-openssl-3.4.1-man",
              "default": true
            },
            {
              "name": "doc",
              "path": "/nix/store/pial8ycrdla64jkfkdjikymh80h6azjz-openssl-3.4.1-doc"
            },
            {
              "name": "out",
              "path": "/nix/store/v4590ch770x7jc7f7kirijppyhvjjgs0-openssl-3.4.1"
            },
            {
              "name": "debug",
              "path": "/nix/store/4yrf5rsp36zf9him8bmp4mj3wr0i3d67-openssl-3.4.1-debug"
            },
            {
              "name": "dev",
              "path": "/nix/store/nsipd4vjy0rf9qkm639j97rl3l6kkhlc-openssl-3.4.1-dev"
            }
          ],
          "store_path": "/nix/store/m5szkm0siac4iqiin31p2588i05cm5kk-openssl-3.4.1-bin"
        },
        "x86_64-darwin": {
          "outputs": [
            {
              "name": "bin",
              "path": "/nix/store/3d73544050dcy16jsvc5p6210hf4n52g-openssl-3.4.1-bin",
              "default": true
            },
            {
              "name": "man",
              "path": "/nix/store/piggg9i27rvmwc5g6dgsjx42zpk356np-openssl-3.4.1-man",
              "default": true
            },
            {
              "name": "dev",
              "path": "/nix/store/zayjz62kakn7z6iknr2xd29qy9z0r3sj-openssl-3.4.1-dev"
            },
            {
              "name": "doc",
              "path": "/nix/store/z3whaj4krq025r4n6rc77473zxfrz33v-openssl-3.4.1-doc"
            },
            {
              "name": "out",
              "path": "/nix/store/pzw7b6bvmsqq5s38yibccizda6mkz53j-openssl-3.4.1"
            }
          ],
          "store_path": "/nix/store/3d73544050dcy16jsvc5p6210hf4n52g-openssl-3.4.1-bin"
        },
        "x86_64-linux": {
          "outputs": [
            {
              "name": "bin",
              "path": "/nix/store/hk3rdjmnag5sk9mnri3k0xyj425sx6qv-openssl-3.4.1-bin",
              "default": true
            },
            {
              "name": "man",
              "path": "/nix/store/kfw89xw9iz63i3vi9mxycb8h65x5hqka-openssl-3.4.1-man",
              "default": true
            },
            {
              "name": "debug",
              "path": "/nix/store/qmsw8k6mq5a02x2rlgysi838kvvv7ifl-openssl-3.4.1-debug"
            },
            {
              "name": "dev",
              "path": "/nix/store/7dp0ay805yh80xvxmdad49hwyqaqzg37-openssl-3.4.1-dev"
            },
            {
              "name": "doc",
              "path": "/nix/store/bchc7iivlikfsz657c0rinvirhy8m82f-openssl-3.4.1-doc"
            },
            {
              "name": "out",
              "path": "/nix/store/z2g8g76mw8xkyniz5yxnrn8r0gpdckzy-openssl-3.4.1"
            }
          ],
          "store_path": "/nix/store/hk3rdjmnag5sk9mnri3k0xyj425sx6qv-openssl-3.4.1-bin"
        }
      }
    },
    "pkg-config@latest": {
      "last_modified": "2025-02-07T11:26:36Z",
      "resolved": "github:NixOS/nixpkgs/d98abf5cf5914e5e4e9d57205e3af55ca90ffc1d#pkg-config",
      "source": "devbox-search",
      "version": "0.29.2",
      "systems": {
        "aarch64-darwin": {
          "outputs": [
            {
              "name": "out",
              "path": "/nix/store/iypcgg2n0fgqlnm2v9j4j7p5nsfynyhd-pkg-config-wrapper-0.29.2",
              "default": true
            },
            {
              "name": "man",
              "path": "/nix/store/fziphl0a64sxri96jdazm3ajqys8vjfp-pkg-config-wrapper-0.29.2-man",
              "default": true
            },
            {
              "name": "doc",
              "path": "/nix/store/l3jbyzlhs9n9xk9s17bzcw5sfk8fp383-pkg-config-wrapper-0.29.2-doc"
            }
          ],
          "store_path": "/nix/store/iypcgg2n0fgqlnm2v9j4j7p5nsfynyhd-pkg-config-wrapper-0.29.2"
        },
        "aarch64-linux": {
          "outputs": [
            {
              "name": "out",
              "path": "/nix/store/r64x2sykb0nbk875808l6xxyy1f234j4-pkg-config-wrapper-0.29.2",
              "default": true
            },
            {
              "name": "man",
              "path": "/nix/store/7j9vkdkyv5764hwrcxqic1q3qxfnzyhq-pkg-config-wrapper-0.29.2-man",
              "default": true
            },
            {
              "name": "doc",
              "path": "/nix/store/33z266ydfzjih1xn38yd72x35dwa4d4f-pkg-config-wrapper-0.29.2-doc"
            }
          ],
          "store_path": "/nix/store/r64x2sykb0nbk875808l6xxyy1f234j4-pkg-config-wrapper-0.29.2"
        },
        "x86_64-darwin": {
          "outputs": [
            {
              "name": "out",
              "path": "/nix/store/nwd9bgqpn86z28kl46q0hy0k8n0wmfza-pkg-config-wrapper-0.29.2",
              "default": true
            },
            {
              "name": "man",
              "path": "/nix/store/jwyhiq9b8azcw4bvhf9ndm1i0wln873n-pkg-config-wrapper-0.29.2-man",
              "default": true
            },
            {
              "name": "doc",
              "path": "/nix/store/hjjcbav5yd94k6m9m53y3q9afzbxaggy-pkg-config-wrapper-0.29.2-doc"
            }
          ],
          "store_path": "/nix/store/nwd9bgqpn86z28kl46q0hy0k8n0wmfza-pkg-config-wrapper-0.29.2"
        },
        "x86_64-linux": {
          "outputs": [
            {
              "name": "out",
              "path": "/nix/store/zbpskag55c4qvpzjvwrlxqs40lj65mwn-pkg-config-wrapper-0.29.2",
              "default": true
            },
            {
              "name": "man",
              "path": "/nix/store/6fnns8npgj57hfshpcshirwq1vxdpmwh-pkg-config-wrapper-0.29.2-man",
              "default": true
            },
            {
              "name": "doc",
              "path": "/nix/store/zp2xwxgkwb42nbymnxz6skgdr2f7x14m-pkg-config-wrapper-0.29.2-doc"
            }
          ],
          "store_path": "/nix/store/zbpskag55c4qvpzjvwrlxqs40lj65mwn-pkg-config-wrapper-0.29.2"
        }
      }
    },
    "pre-commit@latest": {
      "last_modified": "2025-02-24T11:23:12Z",
      "resolved": "github:NixOS/nixpkgs/d9b69c3ec2a2e2e971c534065bdd53374bd68b97#pre-commit",
      "source": "devbox-search",
      "version": "4.0.1",
      "systems": {
        "aarch64-darwin": {
          "outputs": [
            {
              "name": "out",
              "path": "/nix/store/1d72c6irxrvvc81mpds9yl26vglki91k-pre-commit-4.0.1",
              "default": true
            },
            {
              "name": "dist",
              "path": "/nix/store/s2w0cyimcc4qcl65sjh5r6cxafc1h467-pre-commit-4.0.1-dist"
            }
          ],
          "store_path": "/nix/store/1d72c6irxrvvc81mpds9yl26vglki91k-pre-commit-4.0.1"
        },
        "aarch64-linux": {
          "outputs": [
            {
              "name": "out",
              "path": "/nix/store/jjy89zx3q6pjjc5g6vznagn347arysm2-pre-commit-4.0.1",
              "default": true
            },
            {
              "name": "dist",
              "path": "/nix/store/llxn7kzwnkm33wnw34yl379zxv50nhcl-pre-commit-4.0.1-dist"
            }
          ],
          "store_path": "/nix/store/jjy89zx3q6pjjc5g6vznagn347arysm2-pre-commit-4.0.1"
        },
        "x86_64-darwin": {
          "outputs": [
            {
              "name": "out",
              "path": "/nix/store/9f8bsa4n2srnrdxy437lbaar2cyjpjc8-pre-commit-4.0.1",
              "default": true
            },
            {
              "name": "dist",
              "path": "/nix/store/zwsxv57s7hv30mvk669djjyyynzfbqvp-pre-commit-4.0.1-dist"
            }
          ],
          "store_path": "/nix/store/9f8bsa4n2srnrdxy437lbaar2cyjpjc8-pre-commit-4.0.1"
        },
        "x86_64-linux": {
          "outputs": [
            {
              "name": "out",
              "path": "/nix/store/v6v2jdx5jq98vcgsb3yvwl1g2dg6qz54-pre-commit-4.0.1",
              "default": true
            },
            {
              "name": "dist",
              "path": "/nix/store/7pw1rj59id4h05ac2bz58vinixk43l7x-pre-commit-4.0.1-dist"
            }
          ],
          "store_path": "/nix/store/v6v2jdx5jq98vcgsb3yvwl1g2dg6qz54-pre-commit-4.0.1"
        }
      }
    },
    "rustup@latest": {
      "last_modified": "2025-02-23T09:42:26Z",
      "plugin_version": "0.0.1",
      "resolved": "github:NixOS/nixpkgs/2d068ae5c6516b2d04562de50a58c682540de9bf#rustup",
      "source": "devbox-search",
      "version": "1.27.1",
      "systems": {
        "aarch64-darwin": {
          "outputs": [
            {
              "name": "out",
              "path": "/nix/store/9b8v9lji5gjw5cj7f2nv3l184zyg0m3a-rustup-1.27.1",
              "default": true
            }
          ],
          "store_path": "/nix/store/9b8v9lji5gjw5cj7f2nv3l184zyg0m3a-rustup-1.27.1"
        },
        "aarch64-linux": {
          "outputs": [
            {
              "name": "out",
              "path": "/nix/store/d2g7zcymlvc5cjqcdpbqgrzzg2swwzik-rustup-1.27.1",
              "default": true
            }
          ],
          "store_path": "/nix/store/d2g7zcymlvc5cjqcdpbqgrzzg2swwzik-rustup-1.27.1"
        },
        "x86_64-darwin": {
          "outputs": [
            {
              "name": "out",
              "path": "/nix/store/sfmv13w9bqvnx03xshiwx387zwffh2iq-rustup-1.27.1",
              "default": true
            }
          ],
          "store_path": "/nix/store/sfmv13w9bqvnx03xshiwx387zwffh2iq-rustup-1.27.1"
        },
        "x86_64-linux": {
          "outputs": [
            {
              "name": "out",
              "path": "/nix/store/dqz7ghl1i46i8nswvkkl3h3jbhxkbchg-rustup-1.27.1",
              "default": true
            }
          ],
          "store_path": "/nix/store/dqz7ghl1i46i8nswvkkl3h3jbhxkbchg-rustup-1.27.1"
        }
      }
    },
    "zig@latest": {
      "last_modified": "2025-02-07T11:26:36Z",
      "resolved": "github:NixOS/nixpkgs/d98abf5cf5914e5e4e9d57205e3af55ca90ffc1d#zig",
      "source": "devbox-search",
      "version": "0.13.0",
      "systems": {
        "aarch64-darwin": {
          "outputs": [
            {
              "name": "out",
              "path": "/nix/store/glg99lxw2k27wdjdpsjfyhc6d56ysv9i-zig-0.13.0",
              "default": true
            },
            {
              "name": "doc",
              "path": "/nix/store/ysi3qpfikg8spviv36cxwxqr1axfsfc0-zig-0.13.0-doc"
            }
          ],
          "store_path": "/nix/store/glg99lxw2k27wdjdpsjfyhc6d56ysv9i-zig-0.13.0"
        },
        "aarch64-linux": {
          "outputs": [
            {
              "name": "out",
              "path": "/nix/store/gjjqjvgk8163y4cqv5wdnzis8v5dihsx-zig-0.13.0",
              "default": true
            },
            {
              "name": "doc",
              "path": "/nix/store/f9sivssppzgm4sp8kd9q5vis2vnxji9q-zig-0.13.0-doc"
            }
          ],
          "store_path": "/nix/store/gjjqjvgk8163y4cqv5wdnzis8v5dihsx-zig-0.13.0"
        },
        "x86_64-darwin": {
          "outputs": [
            {
              "name": "out",
              "path": "/nix/store/sqm476w8h8xrgx0c4rmqiaxlimv9g6bf-zig-0.13.0",
              "default": true
            },
            {
              "name": "doc",
              "path": "/nix/store/402jx4km137kcrdbv4i8ncjhl75dgb99-zig-0.13.0-doc"
            }
          ],
          "store_path": "/nix/store/sqm476w8h8xrgx0c4rmqiaxlimv9g6bf-zig-0.13.0"
        },
        "x86_64-linux": {
          "outputs": [
            {
              "name": "out",
              "path": "/nix/store/1l5gb4773rbqjzv49wb4h9xlmaz2zs5h-zig-0.13.0",
              "default": true
            },
            {
              "name": "doc",
              "path": "/nix/store/577rag5c5za5hmmhaynnl8mlpkdsi1x3-zig-0.13.0-doc"
            }
          ],
          "store_path": "/nix/store/1l5gb4773rbqjzv49wb4h9xlmaz2zs5h-zig-0.13.0"
        }
      }
    }
  }
}
